
Microsoft Visual Studio Solution File, Format Version 12.00
# Visual Studio Version 17
VisualStudioVersion = 17.5.2.0
MinimumVisualStudioVersion = 10.0.40219.1
Project("{FAE04EC0-301F-11D3-BF4B-00C04F79EFBC}") = "BakeryApi", "BakeryApi\BakeryApi.csproj", "{D011158C-4922-1AD2-2417-533EE012710C}"
EndProject
Project("{FAE04EC0-301F-11D3-BF4B-00C04F79EFBC}") = "BakeryApi.Tests", "BakeryApi.Tests\BakeryApi.Tests.csproj", "{DF0FFEE9-6F0B-422F-BDDE-0CF26106C6BB}"
EndProject
Global
	GlobalSection(SolutionConfigurationPlatforms) = preSolution
		Debug|Any CPU = Debug|Any CPU
		Debug|x64 = Debug|x64
		Debug|x86 = Debug|x86
		Release|Any CPU = Release|Any CPU
		Release|x64 = Release|x64
		Release|x86 = Release|x86
	EndGlobalSection
	GlobalSection(ProjectConfigurationPlatforms) = postSolution
		{D011158C-4922-1AD2-2417-533EE012710C}.Debug|Any CPU.ActiveCfg = Debug|Any CPU
		{D011158C-4922-1AD2-2417-533EE012710C}.Debug|Any CPU.Build.0 = Debug|Any CPU
		{D011158C-4922-1AD2-2417-533EE012710C}.Debug|x64.ActiveCfg = Debug|Any CPU
		{D011158C-4922-1AD2-2417-533EE012710C}.Debug|x64.Build.0 = Debug|Any CPU
		{D011158C-4922-1AD2-2417-533EE012710C}.Debug|x86.ActiveCfg = Debug|Any CPU
		{D011158C-4922-1AD2-2417-533EE012710C}.Debug|x86.Build.0 = Debug|Any CPU
		{D011158C-4922-1AD2-2417-533EE012710C}.Release|Any CPU.ActiveCfg = Release|Any CPU
		{D011158C-4922-1AD2-2417-533EE012710C}.Release|Any CPU.Build.0 = Release|Any CPU
		{D011158C-4922-1AD2-2417-533EE012710C}.Release|x64.ActiveCfg = Release|Any CPU
		{D011158C-4922-1AD2-2417-533EE012710C}.Release|x64.Build.0 = Release|Any CPU
		{D011158C-4922-1AD2-2417-533EE012710C}.Release|x86.ActiveCfg = Release|Any CPU
		{D011158C-4922-1AD2-2417-533EE012710C}.Release|x86.Build.0 = Release|Any CPU
		{DF0FFEE9-6F0B-422F-BDDE-0CF26106C6BB}.Debug|Any CPU.ActiveCfg = Debug|Any CPU
		{DF0FFEE9-6F0B-422F-BDDE-0CF26106C6BB}.Debug|Any CPU.Build.0 = Debug|Any CPU
		{DF0FFEE9-6F0B-422F-BDDE-0CF26106C6BB}.Debug|x64.ActiveCfg = Debug|Any CPU
		{DF0FFEE9-6F0B-422F-BDDE-0CF26106C6BB}.Debug|x64.Build.0 = Debug|Any CPU
		{DF0FFEE9-6F0B-422F-BDDE-0CF26106C6BB}.Debug|x86.ActiveCfg = Debug|Any CPU
		{DF0FFEE9-6F0B-422F-BDDE-0CF26106C6BB}.Debug|x86.Build.0 = Debug|Any CPU
		{DF0FFEE9-6F0B-422F-BDDE-0CF26106C6BB}.Release|Any CPU.ActiveCfg = Release|Any CPU
		{DF0FFEE9-6F0B-422F-BDDE-0CF26106C6BB}.Release|Any CPU.Build.0 = Release|Any CPU
		{DF0FFEE9-6F0B-422F-BDDE-0CF26106C6BB}.Release|x64.ActiveCfg = Release|Any CPU
		{DF0FFEE9-6F0B-422F-BDDE-0CF26106C6BB}.Release|x64.Build.0 = Release|Any CPU
		{DF0FFEE9-6F0B-422F-BDDE-0CF26106C6BB}.Release|x86.ActiveCfg = Release|Any CPU
		{DF0FFEE9-6F0B-422F-BDDE-0CF26106C6BB}.Release|x86.Build.0 = Release|Any CPU
	EndGlobalSection
	GlobalSection(SolutionProperties) = preSolution
		HideSolutionNode = FALSE
	EndGlobalSection
	GlobalSection(ExtensibilityGlobals) = postSolution
		SolutionGuid = {6D275EE8-E266-4BB5-86C4-858D3DF98B7A}
	EndGlobalSection
EndGlobal
