
Microsoft Visual Studio Solution File, Format Version 12.00
# Visual Studio Version 17
VisualStudioVersion = 17.14.36616.10 d17.14
MinimumVisualStudioVersion = 10.0.40219.1
Project("{FAE04EC0-301F-11D3-BF4B-00C04F79EFBC}") = "DooblesApi", "DooblesApi.csproj", "{E9575425-01D1-448D-BB1F-982A673EB3B9}"
EndProject
Global
	GlobalSection(SolutionConfigurationPlatforms) = preSolution
		Debug|Any CPU = Debug|Any CPU
		Release|Any CPU = Release|Any CPU
	EndGlobalSection
	GlobalSection(ProjectConfigurationPlatforms) = postSolution
		{E9575425-01D1-448D-BB1F-982A673EB3B9}.Debug|Any CPU.ActiveCfg = Debug|Any CPU
		{E9575425-01D1-448D-BB1F-982A673EB3B9}.Debug|Any CPU.Build.0 = Debug|Any CPU
		{E9575425-01D1-448D-BB1F-982A673EB3B9}.Release|Any CPU.ActiveCfg = Release|Any CPU
		{E9575425-01D1-448D-BB1F-982A673EB3B9}.Release|Any CPU.Build.0 = Release|Any CPU
	EndGlobalSection
	GlobalSection(SolutionProperties) = preSolution
		HideSolutionNode = FALSE
	EndGlobalSection
	GlobalSection(ExtensibilityGlobals) = postSolution
		SolutionGuid = {32243B50-5290-446C-8421-851DAC609B16}
	EndGlobalSection
EndGlobal
